
Microsoft Visual Studio Solution File, Format Version 12.00
# Visual Studio Version 17
VisualStudioVersion = 17.14.36511.14
MinimumVisualStudioVersion = 10.0.40219.1
Project("{FAE04EC0-301F-11D3-BF4B-00C04F79EFBC}") = "GigTracker.Api", "GigTracker.Api\GigTracker.Api.csproj", "{B9457EBB-DBA2-4BFF-94E8-854FBE3BE69F}"
EndProject
Project("{FAE04EC0-301F-11D3-BF4B-00C04F79EFBC}") = "GigTracker.Frontend", "GigTracker.Frontend\GigTracker.Frontend.csproj", "{0839283B-B19A-4629-B8DD-CFEF7D4922F0}"
EndProject
Project("{FAE04EC0-301F-11D3-BF4B-00C04F79EFBC}") = "GigTracker.Models", "GigTracker.Models\GigTracker.Models.csproj", "{B8C93C46-AD03-46E4-811D-4157B19EEEB7}"
EndProject
Global
	GlobalSection(SolutionConfigurationPlatforms) = preSolution
		Debug|Any CPU = Debug|Any CPU
		Release|Any CPU = Release|Any CPU
	EndGlobalSection
	GlobalSection(ProjectConfigurationPlatforms) = postSolution
		{B9457EBB-DBA2-4BFF-94E8-854FBE3BE69F}.Debug|Any CPU.ActiveCfg = Debug|Any CPU
		{B9457EBB-DBA2-4BFF-94E8-854FBE3BE69F}.Debug|Any CPU.Build.0 = Debug|Any CPU
		{B9457EBB-DBA2-4BFF-94E8-854FBE3BE69F}.Release|Any CPU.ActiveCfg = Release|Any CPU
		{B9457EBB-DBA2-4BFF-94E8-854FBE3BE69F}.Release|Any CPU.Build.0 = Release|Any CPU
		{0839283B-B19A-4629-B8DD-CFEF7D4922F0}.Debug|Any CPU.ActiveCfg = Debug|Any CPU
		{0839283B-B19A-4629-B8DD-CFEF7D4922F0}.Debug|Any CPU.Build.0 = Debug|Any CPU
		{0839283B-B19A-4629-B8DD-CFEF7D4922F0}.Release|Any CPU.ActiveCfg = Release|Any CPU
		{0839283B-B19A-4629-B8DD-CFEF7D4922F0}.Release|Any CPU.Build.0 = Release|Any CPU
		{B8C93C46-AD03-46E4-811D-4157B19EEEB7}.Debug|Any CPU.ActiveCfg = Debug|Any CPU
		{B8C93C46-AD03-46E4-811D-4157B19EEEB7}.Debug|Any CPU.Build.0 = Debug|Any CPU
		{B8C93C46-AD03-46E4-811D-4157B19EEEB7}.Release|Any CPU.ActiveCfg = Release|Any CPU
		{B8C93C46-AD03-46E4-811D-4157B19EEEB7}.Release|Any CPU.Build.0 = Release|Any CPU
	EndGlobalSection
	GlobalSection(SolutionProperties) = preSolution
		HideSolutionNode = FALSE
	EndGlobalSection
	GlobalSection(ExtensibilityGlobals) = postSolution
		SolutionGuid = {0FA43725-486D-4EC1-A38C-9113431CE7FA}
	EndGlobalSection
EndGlobal
